
Microsoft Visual Studio Solution File, Format Version 12.00
# Visual Studio Version 17
VisualStudioVersion = 17.7.34024.191
MinimumVisualStudioVersion = 10.0.40219.1
Project("{FAE04EC0-301F-11D3-BF4B-00C04F79EFBC}") = "SecondUdemBank", "SecondUdemBank\SecondUdemBank.csproj", "{EDD330D5-9A11-4212-849C-199CCD49E1A9}"
EndProject
Global
	GlobalSection(SolutionConfigurationPlatforms) = preSolution
		Debug|Any CPU = Debug|Any CPU
		Release|Any CPU = Release|Any CPU
	EndGlobalSection
	GlobalSection(ProjectConfigurationPlatforms) = postSolution
		{EDD330D5-9A11-4212-849C-199CCD49E1A9}.Debug|Any CPU.ActiveCfg = Debug|Any CPU
		{EDD330D5-9A11-4212-849C-199CCD49E1A9}.Debug|Any CPU.Build.0 = Debug|Any CPU
		{EDD330D5-9A11-4212-849C-199CCD49E1A9}.Release|Any CPU.ActiveCfg = Release|Any CPU
		{EDD330D5-9A11-4212-849C-199CCD49E1A9}.Release|Any CPU.Build.0 = Release|Any CPU
	EndGlobalSection
	GlobalSection(SolutionProperties) = preSolution
		HideSolutionNode = FALSE
	EndGlobalSection
	GlobalSection(ExtensibilityGlobals) = postSolution
		SolutionGuid = {03955396-F9B6-472D-B4E9-6BD232928350}
	EndGlobalSection
EndGlobal
